// !$*UTF8*$!
{
	archiveVersion = 1;
	classes = {
	};
	objectVersion = 56;
	objects = {

/* Begin PBXBuildFile section */
		F76AFDBC2C7DDB0D00F46AFD /* Budget_TrackerApp.swift in Sources */ = {isa = PBXBuildFile; fileRef = F76AFDBB2C7DDB0D00F46AFD /* Budget_TrackerApp.swift */; };
		F76AFDBE2C7DDB0D00F46AFD /* ContentView.swift in Sources */ = {isa = PBXBuildFile; fileRef = F76AFDBD2C7DDB0D00F46AFD /* ContentView.swift */; };
		F76AFDC02C7DDB0F00F46AFD /* Assets.xcassets in Resources */ = {isa = PBXBuildFile; fileRef = F76AFDBF2C7DDB0F00F46AFD /* Assets.xcassets */; };
		F76AFDC32C7DDB0F00F46AFD /* Preview Assets.xcassets in Resources */ = {isa = PBXBuildFile; fileRef = F76AFDC22C7DDB0F00F46AFD /* Preview Assets.xcassets */; };
		F76AFDCB2C7DDBA200F46AFD /* BudgetModel.xcdatamodeld in Sources */ = {isa = PBXBuildFile; fileRef = F76AFDC92C7DDBA200F46AFD /* BudgetModel.xcdatamodeld */; };
		F76AFDCF2C7DDD5700F46AFD /* BudgetCatgory+CoreDataClass.swift in Sources */ = {isa = PBXBuildFile; fileRef = F76AFDCE2C7DDD5700F46AFD /* BudgetCatgory+CoreDataClass.swift */; };
		F76AFDD22C7DDFFF00F46AFD /* CoreDataManager.swift in Sources */ = {isa = PBXBuildFile; fileRef = F76AFDD12C7DDFFF00F46AFD /* CoreDataManager.swift */; };
		F76AFDD52C7DE36100F46AFD /* AddBudgetCategoryView.swift in Sources */ = {isa = PBXBuildFile; fileRef = F76AFDD42C7DE36100F46AFD /* AddBudgetCategoryView.swift */; };
		F76AFDD82C7DE7D500F46AFD /* NumberFormatter + Extensions.swift in Sources */ = {isa = PBXBuildFile; fileRef = F76AFDD72C7DE7D500F46AFD /* NumberFormatter + Extensions.swift */; };
		F76AFDDA2C7DF51F00F46AFD /* BudgetListView.swift in Sources */ = {isa = PBXBuildFile; fileRef = F76AFDD92C7DF51F00F46AFD /* BudgetListView.swift */; };
		F77817F62C7F0F6E0090BD31 /* TransactionCoreData.swift in Sources */ = {isa = PBXBuildFile; fileRef = F77817F52C7F0F6E0090BD31 /* TransactionCoreData.swift */; };
		F77817F82C7F0FD40090BD31 /* BudgetDetailView.swift in Sources */ = {isa = PBXBuildFile; fileRef = F77817F72C7F0FD40090BD31 /* BudgetDetailView.swift */; };
		F77817FC2C7F1D3C0090BD31 /* TransactionListView.swift in Sources */ = {isa = PBXBuildFile; fileRef = F77817FB2C7F1D3C0090BD31 /* TransactionListView.swift */; };
		F77817FE2C7F2E5C0090BD31 /* BudgetSummaryView.swift in Sources */ = {isa = PBXBuildFile; fileRef = F77817FD2C7F2E5C0090BD31 /* BudgetSummaryView.swift */; };
/* End PBXBuildFile section */

/* Begin PBXFileReference section */
		F76AFDB82C7DDB0D00F46AFD /* Budget Tracker.app */ = {isa = PBXFileReference; explicitFileType = wrapper.application; includeInIndex = 0; path = "Budget Tracker.app"; sourceTree = BUILT_PRODUCTS_DIR; };
		F76AFDBB2C7DDB0D00F46AFD /* Budget_TrackerApp.swift */ = {isa = PBXFileReference; lastKnownFileType = sourcecode.swift; path = Budget_TrackerApp.swift; sourceTree = "<group>"; };
		F76AFDBD2C7DDB0D00F46AFD /* ContentView.swift */ = {isa = PBXFileReference; lastKnownFileType = sourcecode.swift; path = ContentView.swift; sourceTree = "<group>"; };
		F76AFDBF2C7DDB0F00F46AFD /* Assets.xcassets */ = {isa = PBXFileReference; lastKnownFileType = folder.assetcatalog; path = Assets.xcassets; sourceTree = "<group>"; };
		F76AFDC22C7DDB0F00F46AFD /* Preview Assets.xcassets */ = {isa = PBXFileReference; lastKnownFileType = folder.assetcatalog; path = "Preview Assets.xcassets"; sourceTree = "<group>"; };
		F76AFDCA2C7DDBA200F46AFD /* BudgetModel.xcdatamodel */ = {isa = PBXFileReference; lastKnownFileType = wrapper.xcdatamodel; path = BudgetModel.xcdatamodel; sourceTree = "<group>"; };
		F76AFDCE2C7DDD5700F46AFD /* BudgetCatgory+CoreDataClass.swift */ = {isa = PBXFileReference; lastKnownFileType = sourcecode.swift; path = "BudgetCatgory+CoreDataClass.swift"; sourceTree = "<group>"; };
		F76AFDD12C7DDFFF00F46AFD /* CoreDataManager.swift */ = {isa = PBXFileReference; lastKnownFileType = sourcecode.swift; path = CoreDataManager.swift; sourceTree = "<group>"; };
		F76AFDD42C7DE36100F46AFD /* AddBudgetCategoryView.swift */ = {isa = PBXFileReference; lastKnownFileType = sourcecode.swift; path = AddBudgetCategoryView.swift; sourceTree = "<group>"; };
		F76AFDD72C7DE7D500F46AFD /* NumberFormatter + Extensions.swift */ = {isa = PBXFileReference; lastKnownFileType = sourcecode.swift; path = "NumberFormatter + Extensions.swift"; sourceTree = "<group>"; };
		F76AFDD92C7DF51F00F46AFD /* BudgetListView.swift */ = {isa = PBXFileReference; lastKnownFileType = sourcecode.swift; path = BudgetListView.swift; sourceTree = "<group>"; };
		F77817F52C7F0F6E0090BD31 /* TransactionCoreData.swift */ = {isa = PBXFileReference; lastKnownFileType = sourcecode.swift; path = TransactionCoreData.swift; sourceTree = "<group>"; };
		F77817F72C7F0FD40090BD31 /* BudgetDetailView.swift */ = {isa = PBXFileReference; lastKnownFileType = sourcecode.swift; path = BudgetDetailView.swift; sourceTree = "<group>"; };
		F77817FB2C7F1D3C0090BD31 /* TransactionListView.swift */ = {isa = PBXFileReference; lastKnownFileType = sourcecode.swift; path = TransactionListView.swift; sourceTree = "<group>"; };
		F77817FD2C7F2E5C0090BD31 /* BudgetSummaryView.swift */ = {isa = PBXFileReference; lastKnownFileType = sourcecode.swift; path = BudgetSummaryView.swift; sourceTree = "<group>"; };
/* End PBXFileReference section */

/* Begin PBXFrameworksBuildPhase section */
		F76AFDB52C7DDB0D00F46AFD /* Frameworks */ = {
			isa = PBXFrameworksBuildPhase;
			buildActionMask = 2147483647;
			files = (
			);
			runOnlyForDeploymentPostprocessing = 0;
		};
/* End PBXFrameworksBuildPhase section */

/* Begin PBXGroup section */
		F76AFDAF2C7DDB0D00F46AFD = {
			isa = PBXGroup;
			children = (
				F76AFDBA2C7DDB0D00F46AFD /* Budget Tracker */,
				F76AFDB92C7DDB0D00F46AFD /* Products */,
			);
			sourceTree = "<group>";
		};
		F76AFDB92C7DDB0D00F46AFD /* Products */ = {
			isa = PBXGroup;
			children = (
				F76AFDB82C7DDB0D00F46AFD /* Budget Tracker.app */,
			);
			name = Products;
			sourceTree = "<group>";
		};
		F76AFDBA2C7DDB0D00F46AFD /* Budget Tracker */ = {
			isa = PBXGroup;
			children = (
				F76AFDD62C7DE7A100F46AFD /* NumberFormatter + Extensions */,
				F76AFDD32C7DE33A00F46AFD /* Views */,
				F76AFDD02C7DDFF000F46AFD /* Manager */,
				F76AFDCC2C7DDD1700F46AFD /* Models */,
				F76AFDBB2C7DDB0D00F46AFD /* Budget_TrackerApp.swift */,
				F76AFDBD2C7DDB0D00F46AFD /* ContentView.swift */,
				F76AFDBF2C7DDB0F00F46AFD /* Assets.xcassets */,
				F76AFDC12C7DDB0F00F46AFD /* Preview Content */,
				F76AFDC92C7DDBA200F46AFD /* BudgetModel.xcdatamodeld */,
			);
			path = "Budget Tracker";
			sourceTree = "<group>";
		};
		F76AFDC12C7DDB0F00F46AFD /* Preview Content */ = {
			isa = PBXGroup;
			children = (
				F76AFDC22C7DDB0F00F46AFD /* Preview Assets.xcassets */,
			);
			path = "Preview Content";
			sourceTree = "<group>";
		};
		F76AFDCC2C7DDD1700F46AFD /* Models */ = {
			isa = PBXGroup;
			children = (
				F76AFDCD2C7DDD1E00F46AFD /* Extensions */,
			);
			path = Models;
			sourceTree = "<group>";
		};
		F76AFDCD2C7DDD1E00F46AFD /* Extensions */ = {
			isa = PBXGroup;
			children = (
				F76AFDCE2C7DDD5700F46AFD /* BudgetCatgory+CoreDataClass.swift */,
				F77817F52C7F0F6E0090BD31 /* TransactionCoreData.swift */,
			);
			path = Extensions;
			sourceTree = "<group>";
		};
		F76AFDD02C7DDFF000F46AFD /* Manager */ = {
			isa = PBXGroup;
			children = (
				F76AFDD12C7DDFFF00F46AFD /* CoreDataManager.swift */,
			);
			path = Manager;
			sourceTree = "<group>";
		};
		F76AFDD32C7DE33A00F46AFD /* Views */ = {
			isa = PBXGroup;
			children = (
				F76AFDD42C7DE36100F46AFD /* AddBudgetCategoryView.swift */,
				F76AFDD92C7DF51F00F46AFD /* BudgetListView.swift */,
				F77817F72C7F0FD40090BD31 /* BudgetDetailView.swift */,
				F77817FB2C7F1D3C0090BD31 /* TransactionListView.swift */,
				F77817FD2C7F2E5C0090BD31 /* BudgetSummaryView.swift */,
			);
			path = Views;
			sourceTree = "<group>";
		};
		F76AFDD62C7DE7A100F46AFD /* NumberFormatter + Extensions */ = {
			isa = PBXGroup;
			children = (
				F76AFDD72C7DE7D500F46AFD /* NumberFormatter + Extensions.swift */,
			);
			path = "NumberFormatter + Extensions";
			sourceTree = "<group>";
		};
/* End PBXGroup section */

/* Begin PBXNativeTarget section */
		F76AFDB72C7DDB0D00F46AFD /* Budget Tracker */ = {
			isa = PBXNativeTarget;
			buildConfigurationList = F76AFDC62C7DDB0F00F46AFD /* Build configuration list for PBXNativeTarget "Budget Tracker" */;
			buildPhases = (
				F76AFDB42C7DDB0D00F46AFD /* Sources */,
				F76AFDB52C7DDB0D00F46AFD /* Frameworks */,
				F76AFDB62C7DDB0D00F46AFD /* Resources */,
			);
			buildRules = (
			);
			dependencies = (
			);
			name = "Budget Tracker";
			packageProductDependencies = (
			);
			productName = "Budget Tracker";
			productReference = F76AFDB82C7DDB0D00F46AFD /* Budget Tracker.app */;
			productType = "com.apple.product-type.application";
		};
/* End PBXNativeTarget section */

/* Begin PBXProject section */
		F76AFDB02C7DDB0D00F46AFD /* Project object */ = {
			isa = PBXProject;
			attributes = {
				BuildIndependentTargetsInParallel = 1;
				LastSwiftUpdateCheck = 1540;
				LastUpgradeCheck = 1540;
				TargetAttributes = {
					F76AFDB72C7DDB0D00F46AFD = {
						CreatedOnToolsVersion = 15.4;
					};
				};
			};
			buildConfigurationList = F76AFDB32C7DDB0D00F46AFD /* Build configuration list for PBXProject "Budget Tracker" */;
			compatibilityVersion = "Xcode 14.0";
			developmentRegion = en;
			hasScannedForEncodings = 0;
			knownRegions = (
				en,
				Base,
			);
			mainGroup = F76AFDAF2C7DDB0D00F46AFD;
			packageReferences = (
			);
			productRefGroup = F76AFDB92C7DDB0D00F46AFD /* Products */;
			projectDirPath = "";
			projectRoot = "";
			targets = (
				F76AFDB72C7DDB0D00F46AFD /* Budget Tracker */,
			);
		};
/* End PBXProject section */

/* Begin PBXResourcesBuildPhase section */
		F76AFDB62C7DDB0D00F46AFD /* Resources */ = {
			isa = PBXResourcesBuildPhase;
			buildActionMask = 2147483647;
			files = (
				F76AFDC32C7DDB0F00F46AFD /* Preview Assets.xcassets in Resources */,
				F76AFDC02C7DDB0F00F46AFD /* Assets.xcassets in Resources */,
			);
			runOnlyForDeploymentPostprocessing = 0;
		};
/* End PBXResourcesBuildPhase section */

/* Begin PBXSourcesBuildPhase section */
		F76AFDB42C7DDB0D00F46AFD /* Sources */ = {
			isa = PBXSourcesBuildPhase;
			buildActionMask = 2147483647;
			files = (
				F76AFDCF2C7DDD5700F46AFD /* BudgetCatgory+CoreDataClass.swift in Sources */,
				F77817F62C7F0F6E0090BD31 /* TransactionCoreData.swift in Sources */,
				F76AFDDA2C7DF51F00F46AFD /* BudgetListView.swift in Sources */,
				F76AFDBE2C7DDB0D00F46AFD /* ContentView.swift in Sources */,
				F76AFDD82C7DE7D500F46AFD /* NumberFormatter + Extensions.swift in Sources */,
				F76AFDBC2C7DDB0D00F46AFD /* Budget_TrackerApp.swift in Sources */,
				F77817FE2C7F2E5C0090BD31 /* BudgetSummaryView.swift in Sources */,
				F77817F82C7F0FD40090BD31 /* BudgetDetailView.swift in Sources */,
				F76AFDD52C7DE36100F46AFD /* AddBudgetCategoryView.swift in Sources */,
				F77817FC2C7F1D3C0090BD31 /* TransactionListView.swift in Sources */,
				F76AFDD22C7DDFFF00F46AFD /* CoreDataManager.swift in Sources */,
				F76AFDCB2C7DDBA200F46AFD /* BudgetModel.xcdatamodeld in Sources */,
			);
			runOnlyForDeploymentPostprocessing = 0;
		};
/* End PBXSourcesBuildPhase section */

/* Begin XCBuildConfiguration section */
		F76AFDC42C7DDB0F00F46AFD /* Debug */ = {
			isa = XCBuildConfiguration;
			buildSettings = {
				ALWAYS_SEARCH_USER_PATHS = NO;
				ASSETCATALOG_COMPILER_GENERATE_SWIFT_ASSET_SYMBOL_EXTENSIONS = YES;
				CLANG_ANALYZER_NONNULL = YES;
				CLANG_ANALYZER_NUMBER_OBJECT_CONVERSION = YES_AGGRESSIVE;
				CLANG_CXX_LANGUAGE_STANDARD = "gnu++20";
				CLANG_ENABLE_MODULES = YES;
				CLANG_ENABLE_OBJC_ARC = YES;
				CLANG_ENABLE_OBJC_WEAK = YES;
				CLANG_WARN_BLOCK_CAPTURE_AUTORELEASING = YES;
				CLANG_WARN_BOOL_CONVERSION = YES;
				CLANG_WARN_COMMA = YES;
				CLANG_WARN_CONSTANT_CONVERSION = YES;
				CLANG_WARN_DEPRECATED_OBJC_IMPLEMENTATIONS = YES;
				CLANG_WARN_DIRECT_OBJC_ISA_USAGE = YES_ERROR;
				CLANG_WARN_DOCUMENTATION_COMMENTS = YES;
				CLANG_WARN_EMPTY_BODY = YES;
				CLANG_WARN_ENUM_CONVERSION = YES;
				CLANG_WARN_INFINITE_RECURSION = YES;
				CLANG_WARN_INT_CONVERSION = YES;
				CLANG_WARN_NON_LITERAL_NULL_CONVERSION = YES;
				CLANG_WARN_OBJC_IMPLICIT_RETAIN_SELF = YES;
				CLANG_WARN_OBJC_LITERAL_CONVERSION = YES;
				CLANG_WARN_OBJC_ROOT_CLASS = YES_ERROR;
				CLANG_WARN_QUOTED_INCLUDE_IN_FRAMEWORK_HEADER = YES;
				CLANG_WARN_RANGE_LOOP_ANALYSIS = YES;
				CLANG_WARN_STRICT_PROTOTYPES = YES;
				CLANG_WARN_SUSPICIOUS_MOVE = YES;
				CLANG_WARN_UNGUARDED_AVAILABILITY = YES_AGGRESSIVE;
				CLANG_WARN_UNREACHABLE_CODE = YES;
				CLANG_WARN__DUPLICATE_METHOD_MATCH = YES;
				COPY_PHASE_STRIP = NO;
				DEBUG_INFORMATION_FORMAT = dwarf;
				ENABLE_STRICT_OBJC_MSGSEND = YES;
				ENABLE_TESTABILITY = YES;
				ENABLE_USER_SCRIPT_SANDBOXING = YES;
				GCC_C_LANGUAGE_STANDARD = gnu17;
				GCC_DYNAMIC_NO_PIC = NO;
				GCC_NO_COMMON_BLOCKS = YES;
				GCC_OPTIMIZATION_LEVEL = 0;
				GCC_PREPROCESSOR_DEFINITIONS = (
					"DEBUG=1",
					"$(inherited)",
				);
				GCC_WARN_64_TO_32_BIT_CONVERSION = YES;
				GCC_WARN_ABOUT_RETURN_TYPE = YES_ERROR;
				GCC_WARN_UNDECLARED_SELECTOR = YES;
				GCC_WARN_UNINITIALIZED_AUTOS = YES_AGGRESSIVE;
				GCC_WARN_UNUSED_FUNCTION = YES;
				GCC_WARN_UNUSED_VARIABLE = YES;
				IPHONEOS_DEPLOYMENT_TARGET = 17.5;
				LOCALIZATION_PREFERS_STRING_CATALOGS = YES;
				MTL_ENABLE_DEBUG_INFO = INCLUDE_SOURCE;
				MTL_FAST_MATH = YES;
				ONLY_ACTIVE_ARCH = YES;
				SDKROOT = iphoneos;
				SWIFT_ACTIVE_COMPILATION_CONDITIONS = "DEBUG $(inherited)";
				SWIFT_OPTIMIZATION_LEVEL = "-Onone";
			};
			name = Debug;
		};
		F76AFDC52C7DDB0F00F46AFD /* Release */ = {
			isa = XCBuildConfiguration;
			buildSettings = {
				ALWAYS_SEARCH_USER_PATHS = NO;
				ASSETCATALOG_COMPILER_GENERATE_SWIFT_ASSET_SYMBOL_EXTENSIONS = YES;
				CLANG_ANALYZER_NONNULL = YES;
				CLANG_ANALYZER_NUMBER_OBJECT_CONVERSION = YES_AGGRESSIVE;
				CLANG_CXX_LANGUAGE_STANDARD = "gnu++20";
				CLANG_ENABLE_MODULES = YES;
				CLANG_ENABLE_OBJC_ARC = YES;
				CLANG_ENABLE_OBJC_WEAK = YES;
				CLANG_WARN_BLOCK_CAPTURE_AUTORELEASING = YES;
				CLANG_WARN_BOOL_CONVERSION = YES;
				CLANG_WARN_COMMA = YES;
				CLANG_WARN_CONSTANT_CONVERSION = YES;
				CLANG_WARN_DEPRECATED_OBJC_IMPLEMENTATIONS = YES;
				CLANG_WARN_DIRECT_OBJC_ISA_USAGE = YES_ERROR;
				CLANG_WARN_DOCUMENTATION_COMMENTS = YES;
				CLANG_WARN_EMPTY_BODY = YES;
				CLANG_WARN_ENUM_CONVERSION = YES;
				CLANG_WARN_INFINITE_RECURSION = YES;
				CLANG_WARN_INT_CONVERSION = YES;
				CLANG_WARN_NON_LITERAL_NULL_CONVERSION = YES;
				CLANG_WARN_OBJC_IMPLICIT_RETAIN_SELF = YES;
				CLANG_WARN_OBJC_LITERAL_CONVERSION = YES;
				CLANG_WARN_OBJC_ROOT_CLASS = YES_ERROR;
				CLANG_WARN_QUOTED_INCLUDE_IN_FRAMEWORK_HEADER = YES;
				CLANG_WARN_RANGE_LOOP_ANALYSIS = YES;
				CLANG_WARN_STRICT_PROTOTYPES = YES;
				CLANG_WARN_SUSPICIOUS_MOVE = YES;
				CLANG_WARN_UNGUARDED_AVAILABILITY = YES_AGGRESSIVE;
				CLANG_WARN_UNREACHABLE_CODE = YES;
				CLANG_WARN__DUPLICATE_METHOD_MATCH = YES;
				COPY_PHASE_STRIP = NO;
				DEBUG_INFORMATION_FORMAT = "dwarf-with-dsym";
				ENABLE_NS_ASSERTIONS = NO;
				ENABLE_STRICT_OBJC_MSGSEND = YES;
				ENABLE_USER_SCRIPT_SANDBOXING = YES;
				GCC_C_LANGUAGE_STANDARD = gnu17;
				GCC_NO_COMMON_BLOCKS = YES;
				GCC_WARN_64_TO_32_BIT_CONVERSION = YES;
				GCC_WARN_ABOUT_RETURN_TYPE = YES_ERROR;
				GCC_WARN_UNDECLARED_SELECTOR = YES;
				GCC_WARN_UNINITIALIZED_AUTOS = YES_AGGRESSIVE;
				GCC_WARN_UNUSED_FUNCTION = YES;
				GCC_WARN_UNUSED_VARIABLE = YES;
				IPHONEOS_DEPLOYMENT_TARGET = 17.5;
				LOCALIZATION_PREFERS_STRING_CATALOGS = YES;
				MTL_ENABLE_DEBUG_INFO = NO;
				MTL_FAST_MATH = YES;
				SDKROOT = iphoneos;
				SWIFT_COMPILATION_MODE = wholemodule;
				VALIDATE_PRODUCT = YES;
			};
			name = Release;
		};
		F76AFDC72C7DDB0F00F46AFD /* Debug */ = {
			isa = XCBuildConfiguration;
			buildSettings = {
				ASSETCATALOG_COMPILER_APPICON_NAME = AppIcon;
				ASSETCATALOG_COMPILER_GLOBAL_ACCENT_COLOR_NAME = AccentColor;
				CODE_SIGN_STYLE = Automatic;
				CURRENT_PROJECT_VERSION = 1;
				DEVELOPMENT_ASSET_PATHS = "\"Budget Tracker/Preview Content\"";
				DEVELOPMENT_TEAM = 8TNP7LCQ34;
				ENABLE_PREVIEWS = YES;
				GENERATE_INFOPLIST_FILE = YES;
				INFOPLIST_KEY_UIApplicationSceneManifest_Generation = YES;
				INFOPLIST_KEY_UIApplicationSupportsIndirectInputEvents = YES;
				INFOPLIST_KEY_UILaunchScreen_Generation = YES;
				INFOPLIST_KEY_UISupportedInterfaceOrientations_iPad = "UIInterfaceOrientationPortrait UIInterfaceOrientationPortraitUpsideDown UIInterfaceOrientationLandscapeLeft UIInterfaceOrientationLandscapeRight";
				INFOPLIST_KEY_UISupportedInterfaceOrientations_iPhone = "UIInterfaceOrientationPortrait UIInterfaceOrientationLandscapeLeft UIInterfaceOrientationLandscapeRight";
				LD_RUNPATH_SEARCH_PATHS = (
					"$(inherited)",
					"@executable_path/Frameworks",
				);
				MARKETING_VERSION = 1.0;
				PRODUCT_BUNDLE_IDENTIFIER = "com.zain.Budget-Tracker";
				PRODUCT_NAME = "$(TARGET_NAME)";
				SWIFT_EMIT_LOC_STRINGS = YES;
				SWIFT_VERSION = 5.0;
				TARGETED_DEVICE_FAMILY = "1,2";
			};
			name = Debug;
		};
		F76AFDC82C7DDB0F00F46AFD /* Release */ = {
			isa = XCBuildConfiguration;
			buildSettings = {
				ASSETCATALOG_COMPILER_APPICON_NAME = AppIcon;
				ASSETCATALOG_COMPILER_GLOBAL_ACCENT_COLOR_NAME = AccentColor;
				CODE_SIGN_STYLE = Automatic;
				CURRENT_PROJECT_VERSION = 1;
				DEVELOPMENT_ASSET_PATHS = "\"Budget Tracker/Preview Content\"";
				DEVELOPMENT_TEAM = 8TNP7LCQ34;
				ENABLE_PREVIEWS = YES;
				GENERATE_INFOPLIST_FILE = YES;
				INFOPLIST_KEY_UIApplicationSceneManifest_Generation = YES;
				INFOPLIST_KEY_UIApplicationSupportsIndirectInputEvents = YES;
				INFOPLIST_KEY_UILaunchScreen_Generation = YES;
				INFOPLIST_KEY_UISupportedInterfaceOrientations_iPad = "UIInterfaceOrientationPortrait UIInterfaceOrientationPortraitUpsideDown UIInterfaceOrientationLandscapeLeft UIInterfaceOrientationLandscapeRight";
				INFOPLIST_KEY_UISupportedInterfaceOrientations_iPhone = "UIInterfaceOrientationPortrait UIInterfaceOrientationLandscapeLeft UIInterfaceOrientationLandscapeRight";
				LD_RUNPATH_SEARCH_PATHS = (
					"$(inherited)",
					"@executable_path/Frameworks",
				);
				MARKETING_VERSION = 1.0;
				PRODUCT_BUNDLE_IDENTIFIER = "com.zain.Budget-Tracker";
				PRODUCT_NAME = "$(TARGET_NAME)";
				SWIFT_EMIT_LOC_STRINGS = YES;
				SWIFT_VERSION = 5.0;
				TARGETED_DEVICE_FAMILY = "1,2";
			};
			name = Release;
		};
/* End XCBuildConfiguration section */

/* Begin XCConfigurationList section */
		F76AFDB32C7DDB0D00F46AFD /* Build configuration list for PBXProject "Budget Tracker" */ = {
			isa = XCConfigurationList;
			buildConfigurations = (
				F76AFDC42C7DDB0F00F46AFD /* Debug */,
				F76AFDC52C7DDB0F00F46AFD /* Release */,
			);
			defaultConfigurationIsVisible = 0;
			defaultConfigurationName = Release;
		};
		F76AFDC62C7DDB0F00F46AFD /* Build configuration list for PBXNativeTarget "Budget Tracker" */ = {
			isa = XCConfigurationList;
			buildConfigurations = (
				F76AFDC72C7DDB0F00F46AFD /* Debug */,
				F76AFDC82C7DDB0F00F46AFD /* Release */,
			);
			defaultConfigurationIsVisible = 0;
			defaultConfigurationName = Release;
		};
/* End XCConfigurationList section */

/* Begin XCVersionGroup section */
		F76AFDC92C7DDBA200F46AFD /* BudgetModel.xcdatamodeld */ = {
			isa = XCVersionGroup;
			children = (
				F76AFDCA2C7DDBA200F46AFD /* BudgetModel.xcdatamodel */,
			);
			currentVersion = F76AFDCA2C7DDBA200F46AFD /* BudgetModel.xcdatamodel */;
			name = BudgetModel.xcdatamodeld;
			path = "/Users/zainmalik/Desktop/iOS/Budget Tracker/Budget Tracker/BudgetModel.xcdatamodeld";
			sourceTree = "<group>";
			versionGroupType = wrapper.xcdatamodel;
		};
/* End XCVersionGroup section */
	};
	rootObject = F76AFDB02C7DDB0D00F46AFD /* Project object */;
}
